
Microsoft Visual Studio Solution File, Format Version 12.00
# Visual Studio 15
VisualStudioVersion = 15.0.27130.2026
MinimumVisualStudioVersion = 10.0.40219.1
Project("{FAE04EC0-301F-11D3-BF4B-00C04F79EFBC}") = "BlueHouse", "BlueHouse\BlueHouse.csproj", "{AAF3EB55-E572-401A-9989-B54958FE6C74}"
EndProject
Global
	GlobalSection(SolutionConfigurationPlatforms) = preSolution
		Debug|Any CPU = Debug|Any CPU
		Release|Any CPU = Release|Any CPU
	EndGlobalSection
	GlobalSection(ProjectConfigurationPlatforms) = postSolution
		{AAF3EB55-E572-401A-9989-B54958FE6C74}.Debug|Any CPU.ActiveCfg = Debug|Any CPU
		{AAF3EB55-E572-401A-9989-B54958FE6C74}.Debug|Any CPU.Build.0 = Debug|Any CPU
		{AAF3EB55-E572-401A-9989-B54958FE6C74}.Release|Any CPU.ActiveCfg = Release|Any CPU
		{AAF3EB55-E572-401A-9989-B54958FE6C74}.Release|Any CPU.Build.0 = Release|Any CPU
	EndGlobalSection
	GlobalSection(SolutionProperties) = preSolution
		HideSolutionNode = FALSE
	EndGlobalSection
	GlobalSection(ExtensibilityGlobals) = postSolution
		SolutionGuid = {F3A5573A-06B6-4990-A41A-3323009A79D1}
	EndGlobalSection
EndGlobal
